
Microsoft Visual Studio Solution File, Format Version 12.00
# Visual Studio Version 17
VisualStudioVersion = 17.7.34031.279
MinimumVisualStudioVersion = 10.0.40219.1
Project("{FAE04EC0-301F-11D3-BF4B-00C04F79EFBC}") = "D3 7.10 Pytymko V.L", "D3 7.10 Pytymko V.L.\D3 7.10 Pytymko V.L.csproj", "{5D30DBA1-F4F9-425C-B478-506F20AE30CB}"
EndProject
Global
	GlobalSection(SolutionConfigurationPlatforms) = preSolution
		Debug|Any CPU = Debug|Any CPU
		Release|Any CPU = Release|Any CPU
	EndGlobalSection
	GlobalSection(ProjectConfigurationPlatforms) = postSolution
		{5D30DBA1-F4F9-425C-B478-506F20AE30CB}.Debug|Any CPU.ActiveCfg = Debug|Any CPU
		{5D30DBA1-F4F9-425C-B478-506F20AE30CB}.Debug|Any CPU.Build.0 = Debug|Any CPU
		{5D30DBA1-F4F9-425C-B478-506F20AE30CB}.Release|Any CPU.ActiveCfg = Release|Any CPU
		{5D30DBA1-F4F9-425C-B478-506F20AE30CB}.Release|Any CPU.Build.0 = Release|Any CPU
	EndGlobalSection
	GlobalSection(SolutionProperties) = preSolution
		HideSolutionNode = FALSE
	EndGlobalSection
	GlobalSection(ExtensibilityGlobals) = postSolution
		SolutionGuid = {0BCE9FE4-2A94-4515-80E3-4F22C4BB1AFA}
	EndGlobalSection
EndGlobal
